
Microsoft Visual Studio Solution File, Format Version 12.00
# Visual Studio Version 17
VisualStudioVersion = 17.7.34221.43
MinimumVisualStudioVersion = 10.0.40219.1
Project("{8BC9CEB8-8B4A-11D0-8D11-00A0C91BC942}") = "ThoGuiAlThe", "ThoGuiAlThe\ThoGuiAlThe.vcxproj", "{1F46F962-6D07-463F-9B99-EFF496018D8F}"
EndProject
Project("{8BC9CEB8-8B4A-11D0-8D11-00A0C91BC942}") = "Server", "Server\Server.vcxproj", "{97184D73-4FAC-4CB3-B996-0292F4AF80AA}"
EndProject
Global
	GlobalSection(SolutionConfigurationPlatforms) = preSolution
		Debug|x64 = Debug|x64
		Release|x64 = Release|x64
	EndGlobalSection
	GlobalSection(ProjectConfigurationPlatforms) = postSolution
		{1F46F962-6D07-463F-9B99-EFF496018D8F}.Debug|x64.ActiveCfg = Debug|x64
		{1F46F962-6D07-463F-9B99-EFF496018D8F}.Debug|x64.Build.0 = Debug|x64
		{1F46F962-6D07-463F-9B99-EFF496018D8F}.Release|x64.ActiveCfg = Release|x64
		{1F46F962-6D07-463F-9B99-EFF496018D8F}.Release|x64.Build.0 = Release|x64
		{97184D73-4FAC-4CB3-B996-0292F4AF80AA}.Debug|x64.ActiveCfg = Debug|x64
		{97184D73-4FAC-4CB3-B996-0292F4AF80AA}.Debug|x64.Build.0 = Debug|x64
		{97184D73-4FAC-4CB3-B996-0292F4AF80AA}.Release|x64.ActiveCfg = Release|x64
		{97184D73-4FAC-4CB3-B996-0292F4AF80AA}.Release|x64.Build.0 = Release|x64
	EndGlobalSection
	GlobalSection(SolutionProperties) = preSolution
		HideSolutionNode = FALSE
	EndGlobalSection
	GlobalSection(ExtensibilityGlobals) = postSolution
		SolutionGuid = {8ABAEF1E-3761-4351-9236-BAE56000EB57}
	EndGlobalSection
EndGlobal
