<?xml version="1.0" encoding="utf-8"?>
<Project ToolsVersion="4.0" xmlns="http://schemas.microsoft.com/developer/msbuild/2003">
  <ItemGroup>
    <Filter Include="Fichiers sources">
      <UniqueIdentifier>{4FC737F1-C7A5-4376-A066-2A32D752A2FF}</UniqueIdentifier>
      <Extensions>cpp;c;cc;cxx;c++;cppm;ixx;def;odl;idl;hpj;bat;asm;asmx</Extensions>
    </Filter>
    <Filter Include="Fichiers d%27en-tête">
      <UniqueIdentifier>{93995380-89BD-4b04-88EB-625FBE52EBFB}</UniqueIdentifier>
      <Extensions>h;hh;hpp;hxx;h++;hm;inl;inc;ipp;xsd</Extensions>
    </Filter>
    <Filter Include="Fichiers de ressources">
      <UniqueIdentifier>{67DA6AB6-F800-4c08-8B7A-83BB121AAD01}</UniqueIdentifier>
      <Extensions>rc;ico;cur;bmp;dlg;rc2;rct;bin;rgs;gif;jpg;jpeg;jpe;resx;tiff;tif;png;wav;mfcribbon-ms</Extensions>
    </Filter>
    <Filter Include="Fichiers sources\App">
      <UniqueIdentifier>{430f185d-ec99-4f23-acc9-20c0522cd01d}</UniqueIdentifier>
    </Filter>
    <Filter Include="Fichiers d%27en-tête\App">
      <UniqueIdentifier>{272e082e-f2a9-4e41-9484-ee359a1aa9ac}</UniqueIdentifier>
    </Filter>
    <Filter Include="Fichiers d%27en-tête\App\State">
      <UniqueIdentifier>{206fa235-33a2-48a3-bf90-c02e99ea67c4}</UniqueIdentifier>
    </Filter>
    <Filter Include="Fichiers sources\App\State">
      <UniqueIdentifier>{b5230ba2-9d8d-445b-8bff-91a1340e208c}</UniqueIdentifier>
    </Filter>
    <Filter Include="Fichiers sources\App\State\List">
      <UniqueIdentifier>{a9ff3ed6-0dc9-4f7a-889e-6fb66a10cf13}</UniqueIdentifier>
    </Filter>
    <Filter Include="Fichiers d%27en-tête\App\State\List">
      <UniqueIdentifier>{9104cc15-c274-4fff-9ecb-164111ace892}</UniqueIdentifier>
    </Filter>
    <Filter Include="Fichiers d%27en-tête\App\Asset">
      <UniqueIdentifier>{10939020-ec10-429a-ace9-e13ef26c4e9f}</UniqueIdentifier>
    </Filter>
    <Filter Include="Fichiers sources\App\Asset">
      <UniqueIdentifier>{a9369d02-10be-464d-a873-fbdc924cb355}</UniqueIdentifier>
    </Filter>
    <Filter Include="Fichiers d%27en-tête\App\Singleton">
      <UniqueIdentifier>{6e62ef0c-8ac9-4db7-81da-c1d244533bad}</UniqueIdentifier>
    </Filter>
    <Filter Include="Fichiers sources\App\Singleton">
      <UniqueIdentifier>{f7866231-26e0-478a-a714-945ff3afd1ee}</UniqueIdentifier>
    </Filter>
    <Filter Include="Fichiers d%27en-tête\App\State\List\Game">
      <UniqueIdentifier>{b4ed92a2-2a53-4139-a480-1036f3b1ea94}</UniqueIdentifier>
    </Filter>
    <Filter Include="Fichiers d%27en-tête\App\State\List\Home">
      <UniqueIdentifier>{543bc9fd-5a6c-4277-9787-87b4265b58de}</UniqueIdentifier>
    </Filter>
    <Filter Include="Fichiers sources\App\State\List\Game">
      <UniqueIdentifier>{afbaf41a-df73-4bd6-8578-41d93cf4582d}</UniqueIdentifier>
    </Filter>
    <Filter Include="Fichiers sources\App\State\List\Home">
      <UniqueIdentifier>{17f56dc1-ddf5-4414-841d-97c43c90aeea}</UniqueIdentifier>
    </Filter>
    <Filter Include="Fichiers d%27en-tête\App\UI">
      <UniqueIdentifier>{687cadce-9c82-442a-af77-b3e44a709712}</UniqueIdentifier>
    </Filter>
    <Filter Include="Fichiers sources\App\UI">
      <UniqueIdentifier>{7be9caa3-edbd-4e88-80b1-f5835121de0b}</UniqueIdentifier>
    </Filter>
    <Filter Include="Fichiers d%27en-tête\App\UI\Nodes">
      <UniqueIdentifier>{676d1ef0-716b-4c01-9e16-38f7e93a1161}</UniqueIdentifier>
    </Filter>
    <Filter Include="Fichiers sources\App\UI\Nodes">
      <UniqueIdentifier>{f162b90e-e3e7-41b6-939b-7f7098fbc129}</UniqueIdentifier>
    </Filter>
    <Filter Include="Fichiers sources\App\UI\Nodes\UIText">
      <UniqueIdentifier>{4ff6183b-4ca8-45b1-ac37-c575a9691ad0}</UniqueIdentifier>
    </Filter>
    <Filter Include="Fichiers sources\App\UI\Nodes\UIButtons">
      <UniqueIdentifier>{4d7cd48a-719a-4dcd-9967-cbacd50fc096}</UniqueIdentifier>
    </Filter>
    <Filter Include="Fichiers d%27en-tête\App\UI\Nodes\UIText">
      <UniqueIdentifier>{cee3b6ea-14d0-444b-81b4-1ba6faf4dc75}</UniqueIdentifier>
    </Filter>
    <Filter Include="Fichiers d%27en-tête\App\UI\Nodes\UIButtons">
      <UniqueIdentifier>{a99c11e5-7960-4d1d-a71e-d8290be5ba19}</UniqueIdentifier>
    </Filter>
  </ItemGroup>
  <ItemGroup>
    <ClCompile Include="src\main.cpp">
      <Filter>Fichiers sources</Filter>
    </ClCompile>
    <ClCompile Include="src\stdafx.cpp">
      <Filter>Fichiers sources</Filter>
    </ClCompile>
    <ClCompile Include="src\App\App.cpp">
      <Filter>Fichiers sources\App</Filter>
    </ClCompile>
    <ClCompile Include="src\App\State\State.cpp">
      <Filter>Fichiers sources\App\State</Filter>
    </ClCompile>
    <ClCompile Include="src\App\State\StateManager.cpp">
      <Filter>Fichiers sources\App\State</Filter>
    </ClCompile>
    <ClCompile Include="src\App\Asset\AssetManager.cpp">
      <Filter>Fichiers sources\App\Asset</Filter>
    </ClCompile>
    <ClCompile Include="src\App\Singleton\SingletonManager.cpp">
      <Filter>Fichiers sources\App\Singleton</Filter>
    </ClCompile>
    <ClCompile Include="src\App\State\List\Home\HomeState.cpp">
      <Filter>Fichiers sources\App\State\List\Home</Filter>
    </ClCompile>
    <ClCompile Include="src\App\State\List\Game\GameState.cpp">
      <Filter>Fichiers sources\App\State\List\Game</Filter>
    </ClCompile>
    <ClCompile Include="src\App\UI\Nodes\Text\UIText.cpp">
      <Filter>Fichiers sources\App\UI\Nodes\UIText</Filter>
    </ClCompile>
    <ClCompile Include="src\App\UI\UIManager.cpp">
      <Filter>Fichiers sources\App\UI</Filter>
    </ClCompile>
    <ClCompile Include="src\App\UI\Nodes\Button\UIButton.cpp">
      <Filter>Fichiers sources\App\UI\Nodes\UIButtons</Filter>
    </ClCompile>
    <ClCompile Include="src\App\UI\Nodes\UIElements.cpp">
      <Filter>Fichiers sources\App\UI\Nodes</Filter>
    </ClCompile>
  </ItemGroup>
  <ItemGroup>
    <ClInclude Include="src\Constants.h">
      <Filter>Fichiers d%27en-tête</Filter>
    </ClInclude>
    <ClInclude Include="src\stdafx.h">
      <Filter>Fichiers d%27en-tête</Filter>
    </ClInclude>
    <ClInclude Include="src\App\App.h">
      <Filter>Fichiers d%27en-tête\App</Filter>
    </ClInclude>
    <ClInclude Include="src\App\State\State.h">
      <Filter>Fichiers d%27en-tête\App\State</Filter>
    </ClInclude>
    <ClInclude Include="src\App\State\StateManager.h">
      <Filter>Fichiers d%27en-tête\App\State</Filter>
    </ClInclude>
    <ClInclude Include="src\App\Asset\AssetManager.h">
      <Filter>Fichiers d%27en-tête\App\Asset</Filter>
    </ClInclude>
    <ClInclude Include="src\App\Singleton\SingletonManager.h">
      <Filter>Fichiers d%27en-tête\App\Singleton</Filter>
    </ClInclude>
    <ClInclude Include="src\App\State\List\Home\HomeState.h">
      <Filter>Fichiers d%27en-tête\App\State\List\Home</Filter>
    </ClInclude>
    <ClInclude Include="src\App\State\List\Game\GameState.h">
      <Filter>Fichiers d%27en-tête\App\State\List\Game</Filter>
    </ClInclude>
    <ClInclude Include="src\App\UI\UIManager.h">
      <Filter>Fichiers d%27en-tête\App\UI</Filter>
    </ClInclude>
    <ClInclude Include="src\App\UI\Nodes\Text\UIText.h">
      <Filter>Fichiers d%27en-tête\App\UI\Nodes\UIText</Filter>
    </ClInclude>
    <ClInclude Include="src\App\UI\Nodes\Button\UIButton.h">
      <Filter>Fichiers d%27en-tête\App\UI\Nodes\UIButtons</Filter>
    </ClInclude>
    <ClInclude Include="src\App\UI\Nodes\UIElements.h">
      <Filter>Fichiers d%27en-tête\App\UI\Nodes</Filter>
    </ClInclude>
  </ItemGroup>
</Project>